
Microsoft Visual Studio Solution File, Format Version 12.00
# Visual Studio Version 16
VisualStudioVersion = 16.0.29102.190
MinimumVisualStudioVersion = 10.0.40219.1
Project("{FAE04EC0-301F-11D3-BF4B-00C04F79EFBC}") = "mtg-deck-organizer", "mtg-deck-organizer\mtg-deck-organizer.csproj", "{36C62AAC-BC82-4D82-85E9-5BB42F02DA06}"
EndProject
Global
	GlobalSection(SolutionConfigurationPlatforms) = preSolution
		Debug|Any CPU = Debug|Any CPU
		Release|Any CPU = Release|Any CPU
	EndGlobalSection
	GlobalSection(ProjectConfigurationPlatforms) = postSolution
		{36C62AAC-BC82-4D82-85E9-5BB42F02DA06}.Debug|Any CPU.ActiveCfg = Debug|Any CPU
		{36C62AAC-BC82-4D82-85E9-5BB42F02DA06}.Debug|Any CPU.Build.0 = Debug|Any CPU
		{36C62AAC-BC82-4D82-85E9-5BB42F02DA06}.Release|Any CPU.ActiveCfg = Release|Any CPU
		{36C62AAC-BC82-4D82-85E9-5BB42F02DA06}.Release|Any CPU.Build.0 = Release|Any CPU
	EndGlobalSection
	GlobalSection(SolutionProperties) = preSolution
		HideSolutionNode = FALSE
	EndGlobalSection
	GlobalSection(ExtensibilityGlobals) = postSolution
		SolutionGuid = {61E17D2B-3C37-434C-BA17-5AC5D69B890A}
	EndGlobalSection
EndGlobal
